
Microsoft Visual Studio Solution File, Format Version 12.00
# Visual Studio Version 16
VisualStudioVersion = 16.0.29201.188
MinimumVisualStudioVersion = 10.0.40219.1
Project("{FAE04EC0-301F-11D3-BF4B-00C04F79EFBC}") = "ghAlembicWin", "ghAlembicWin.csproj", "{BBF8D743-01EF-4C92-9490-C5E2060EDFA9}"
EndProject
Global
	GlobalSection(SolutionConfigurationPlatforms) = preSolution
		Debug|Any CPU = Debug|Any CPU
		Release|Any CPU = Release|Any CPU
	EndGlobalSection
	GlobalSection(ProjectConfigurationPlatforms) = postSolution
		{BBF8D743-01EF-4C92-9490-C5E2060EDFA9}.Debug|Any CPU.ActiveCfg = Debug|Any CPU
		{BBF8D743-01EF-4C92-9490-C5E2060EDFA9}.Debug|Any CPU.Build.0 = Debug|Any CPU
		{BBF8D743-01EF-4C92-9490-C5E2060EDFA9}.Release|Any CPU.ActiveCfg = Release|Any CPU
		{BBF8D743-01EF-4C92-9490-C5E2060EDFA9}.Release|Any CPU.Build.0 = Release|Any CPU
	EndGlobalSection
	GlobalSection(SolutionProperties) = preSolution
		HideSolutionNode = FALSE
	EndGlobalSection
	GlobalSection(ExtensibilityGlobals) = postSolution
		SolutionGuid = {F087F7DA-A6E3-4279-856A-16F85105B49B}
	EndGlobalSection
EndGlobal
